{
  "name": "node-drivers-builder",
  "version": "0.0.1",
  "lockfileVersion": 1,
  "dependencies": {
    "node-drivers": {
      "version": "1.0.19",
      "resolved": "https://registry.npmjs.org/node-drivers/-/node-drivers-1.0.19.tgz",
      "integrity": "sha512-yiwmw9t99BmZDmMdnKh3P/wpcA20v25PKbGEUgEIP20KedG/fGudB22ilmlMTi4c7Ioy4oCtgSZ6d/7yogXyjg=="
    }
  }
}
