{
  "name": "node-drivers-builder",
  "version": "0.0.4",
  "lockfileVersion": 1,
  "dependencies": {
    "node-drivers": {
      "version": "1.0.20",
      "resolved": "https://registry.npmjs.org/node-drivers/-/node-drivers-1.0.20.tgz",
      "integrity": "sha512-DrM5n5lvomWvCI1yGouv+ZKNflZHhMmDBkR1wonaiwGEOfg1waV5KkuQWQP1J2CTG2HsbUZyKZy+Ey/w21JAYA=="
    }
  }
}
